
Microsoft Visual Studio Solution File, Format Version 12.00
# Visual Studio Version 17
VisualStudioVersion = 17.3.32929.385
MinimumVisualStudioVersion = 10.0.40219.1
Project("{FAE04EC0-301F-11D3-BF4B-00C04F79EFBC}") = "natural number 2", "natural number 2\natural number 2.csproj", "{ACD59310-BD48-4F47-B12F-D0C6450AC870}"
EndProject
Global
	GlobalSection(SolutionConfigurationPlatforms) = preSolution
		Debug|Any CPU = Debug|Any CPU
		Release|Any CPU = Release|Any CPU
	EndGlobalSection
	GlobalSection(ProjectConfigurationPlatforms) = postSolution
		{ACD59310-BD48-4F47-B12F-D0C6450AC870}.Debug|Any CPU.ActiveCfg = Debug|Any CPU
		{ACD59310-BD48-4F47-B12F-D0C6450AC870}.Debug|Any CPU.Build.0 = Debug|Any CPU
		{ACD59310-BD48-4F47-B12F-D0C6450AC870}.Release|Any CPU.ActiveCfg = Release|Any CPU
		{ACD59310-BD48-4F47-B12F-D0C6450AC870}.Release|Any CPU.Build.0 = Release|Any CPU
	EndGlobalSection
	GlobalSection(SolutionProperties) = preSolution
		HideSolutionNode = FALSE
	EndGlobalSection
	GlobalSection(ExtensibilityGlobals) = postSolution
		SolutionGuid = {10786FF5-6BFD-45B8-8646-4EE777BA1523}
	EndGlobalSection
EndGlobal
